
Microsoft Visual Studio Solution File, Format Version 12.00
# Visual Studio Version 17
VisualStudioVersion = 17.0.31903.59
MinimumVisualStudioVersion = 10.0.40219.1
Project("{2150E333-8FDC-42A3-9474-1A3956D46DE8}") = "src", "src", "{827E0CD3-B72D-47B6-A68D-7590B98EB39B}"
EndProject
Project("{FAE04EC0-301F-11D3-BF4B-00C04F79EFBC}") = "Petsgram.Domain", "src\Petsgram.Domain\Petsgram.Domain.csproj", "{57CEDAA0-95BB-4DC5-8E2F-0ACD51A483B0}"
EndProject
Project("{FAE04EC0-301F-11D3-BF4B-00C04F79EFBC}") = "Petsgram.Application", "src\Petsgram.Application\Petsgram.Application.csproj", "{7331B4B9-3214-4A8D-83E2-7B9AE5972949}"
EndProject
Project("{FAE04EC0-301F-11D3-BF4B-00C04F79EFBC}") = "Petsgram.Infrastructure", "src\Petsgram.Infrastructure\Petsgram.Infrastructure.csproj", "{763CE7D4-214D-41A7-AB26-E2469C4E6EEF}"
EndProject
Project("{FAE04EC0-301F-11D3-BF4B-00C04F79EFBC}") = "Petsgram.WebAPI", "src\Petsgram.WebAPI\Petsgram.WebAPI.csproj", "{313E2A85-D120-4FD1-9611-3E6DC15CD2B7}"
EndProject
Global
	GlobalSection(SolutionConfigurationPlatforms) = preSolution
		Debug|Any CPU = Debug|Any CPU
		Debug|x64 = Debug|x64
		Debug|x86 = Debug|x86
		Release|Any CPU = Release|Any CPU
		Release|x64 = Release|x64
		Release|x86 = Release|x86
	EndGlobalSection
	GlobalSection(ProjectConfigurationPlatforms) = postSolution
		{57CEDAA0-95BB-4DC5-8E2F-0ACD51A483B0}.Debug|Any CPU.ActiveCfg = Debug|Any CPU
		{57CEDAA0-95BB-4DC5-8E2F-0ACD51A483B0}.Debug|Any CPU.Build.0 = Debug|Any CPU
		{57CEDAA0-95BB-4DC5-8E2F-0ACD51A483B0}.Debug|x64.ActiveCfg = Debug|Any CPU
		{57CEDAA0-95BB-4DC5-8E2F-0ACD51A483B0}.Debug|x64.Build.0 = Debug|Any CPU
		{57CEDAA0-95BB-4DC5-8E2F-0ACD51A483B0}.Debug|x86.ActiveCfg = Debug|Any CPU
		{57CEDAA0-95BB-4DC5-8E2F-0ACD51A483B0}.Debug|x86.Build.0 = Debug|Any CPU
		{57CEDAA0-95BB-4DC5-8E2F-0ACD51A483B0}.Release|Any CPU.ActiveCfg = Release|Any CPU
		{57CEDAA0-95BB-4DC5-8E2F-0ACD51A483B0}.Release|Any CPU.Build.0 = Release|Any CPU
		{57CEDAA0-95BB-4DC5-8E2F-0ACD51A483B0}.Release|x64.ActiveCfg = Release|Any CPU
		{57CEDAA0-95BB-4DC5-8E2F-0ACD51A483B0}.Release|x64.Build.0 = Release|Any CPU
		{57CEDAA0-95BB-4DC5-8E2F-0ACD51A483B0}.Release|x86.ActiveCfg = Release|Any CPU
		{57CEDAA0-95BB-4DC5-8E2F-0ACD51A483B0}.Release|x86.Build.0 = Release|Any CPU
		{7331B4B9-3214-4A8D-83E2-7B9AE5972949}.Debug|Any CPU.ActiveCfg = Debug|Any CPU
		{7331B4B9-3214-4A8D-83E2-7B9AE5972949}.Debug|Any CPU.Build.0 = Debug|Any CPU
		{7331B4B9-3214-4A8D-83E2-7B9AE5972949}.Debug|x64.ActiveCfg = Debug|Any CPU
		{7331B4B9-3214-4A8D-83E2-7B9AE5972949}.Debug|x64.Build.0 = Debug|Any CPU
		{7331B4B9-3214-4A8D-83E2-7B9AE5972949}.Debug|x86.ActiveCfg = Debug|Any CPU
		{7331B4B9-3214-4A8D-83E2-7B9AE5972949}.Debug|x86.Build.0 = Debug|Any CPU
		{7331B4B9-3214-4A8D-83E2-7B9AE5972949}.Release|Any CPU.ActiveCfg = Release|Any CPU
		{7331B4B9-3214-4A8D-83E2-7B9AE5972949}.Release|Any CPU.Build.0 = Release|Any CPU
		{7331B4B9-3214-4A8D-83E2-7B9AE5972949}.Release|x64.ActiveCfg = Release|Any CPU
		{7331B4B9-3214-4A8D-83E2-7B9AE5972949}.Release|x64.Build.0 = Release|Any CPU
		{7331B4B9-3214-4A8D-83E2-7B9AE5972949}.Release|x86.ActiveCfg = Release|Any CPU
		{7331B4B9-3214-4A8D-83E2-7B9AE5972949}.Release|x86.Build.0 = Release|Any CPU
		{763CE7D4-214D-41A7-AB26-E2469C4E6EEF}.Debug|Any CPU.ActiveCfg = Debug|Any CPU
		{763CE7D4-214D-41A7-AB26-E2469C4E6EEF}.Debug|Any CPU.Build.0 = Debug|Any CPU
		{763CE7D4-214D-41A7-AB26-E2469C4E6EEF}.Debug|x64.ActiveCfg = Debug|Any CPU
		{763CE7D4-214D-41A7-AB26-E2469C4E6EEF}.Debug|x64.Build.0 = Debug|Any CPU
		{763CE7D4-214D-41A7-AB26-E2469C4E6EEF}.Debug|x86.ActiveCfg = Debug|Any CPU
		{763CE7D4-214D-41A7-AB26-E2469C4E6EEF}.Debug|x86.Build.0 = Debug|Any CPU
		{763CE7D4-214D-41A7-AB26-E2469C4E6EEF}.Release|Any CPU.ActiveCfg = Release|Any CPU
		{763CE7D4-214D-41A7-AB26-E2469C4E6EEF}.Release|Any CPU.Build.0 = Release|Any CPU
		{763CE7D4-214D-41A7-AB26-E2469C4E6EEF}.Release|x64.ActiveCfg = Release|Any CPU
		{763CE7D4-214D-41A7-AB26-E2469C4E6EEF}.Release|x64.Build.0 = Release|Any CPU
		{763CE7D4-214D-41A7-AB26-E2469C4E6EEF}.Release|x86.ActiveCfg = Release|Any CPU
		{763CE7D4-214D-41A7-AB26-E2469C4E6EEF}.Release|x86.Build.0 = Release|Any CPU
		{313E2A85-D120-4FD1-9611-3E6DC15CD2B7}.Debug|Any CPU.ActiveCfg = Debug|Any CPU
		{313E2A85-D120-4FD1-9611-3E6DC15CD2B7}.Debug|Any CPU.Build.0 = Debug|Any CPU
		{313E2A85-D120-4FD1-9611-3E6DC15CD2B7}.Debug|x64.ActiveCfg = Debug|Any CPU
		{313E2A85-D120-4FD1-9611-3E6DC15CD2B7}.Debug|x64.Build.0 = Debug|Any CPU
		{313E2A85-D120-4FD1-9611-3E6DC15CD2B7}.Debug|x86.ActiveCfg = Debug|Any CPU
		{313E2A85-D120-4FD1-9611-3E6DC15CD2B7}.Debug|x86.Build.0 = Debug|Any CPU
		{313E2A85-D120-4FD1-9611-3E6DC15CD2B7}.Release|Any CPU.ActiveCfg = Release|Any CPU
		{313E2A85-D120-4FD1-9611-3E6DC15CD2B7}.Release|Any CPU.Build.0 = Release|Any CPU
		{313E2A85-D120-4FD1-9611-3E6DC15CD2B7}.Release|x64.ActiveCfg = Release|Any CPU
		{313E2A85-D120-4FD1-9611-3E6DC15CD2B7}.Release|x64.Build.0 = Release|Any CPU
		{313E2A85-D120-4FD1-9611-3E6DC15CD2B7}.Release|x86.ActiveCfg = Release|Any CPU
		{313E2A85-D120-4FD1-9611-3E6DC15CD2B7}.Release|x86.Build.0 = Release|Any CPU
	EndGlobalSection
	GlobalSection(SolutionProperties) = preSolution
		HideSolutionNode = FALSE
	EndGlobalSection
	GlobalSection(NestedProjects) = preSolution
		{57CEDAA0-95BB-4DC5-8E2F-0ACD51A483B0} = {827E0CD3-B72D-47B6-A68D-7590B98EB39B}
		{7331B4B9-3214-4A8D-83E2-7B9AE5972949} = {827E0CD3-B72D-47B6-A68D-7590B98EB39B}
		{763CE7D4-214D-41A7-AB26-E2469C4E6EEF} = {827E0CD3-B72D-47B6-A68D-7590B98EB39B}
		{313E2A85-D120-4FD1-9611-3E6DC15CD2B7} = {827E0CD3-B72D-47B6-A68D-7590B98EB39B}
	EndGlobalSection
EndGlobal
